
Microsoft Visual Studio Solution File, Format Version 11.00
# Visual Studio 2010
Project("{8BC9CEB8-8B4A-11D0-8D11-00A0C91BC942}") = "simplebot", "simplebot\simplebot.vcxproj", "{6E2E5D43-042F-4747-9911-EB0BD5E11E4F}"
EndProject
Global
	GlobalSection(SolutionConfigurationPlatforms) = preSolution
		Debug|Win32 = Debug|Win32
		Release|Win32 = Release|Win32
	EndGlobalSection
	GlobalSection(ProjectConfigurationPlatforms) = postSolution
		{6E2E5D43-042F-4747-9911-EB0BD5E11E4F}.Debug|Win32.ActiveCfg = Debug|Win32
		{6E2E5D43-042F-4747-9911-EB0BD5E11E4F}.Debug|Win32.Build.0 = Debug|Win32
		{6E2E5D43-042F-4747-9911-EB0BD5E11E4F}.Release|Win32.ActiveCfg = Release|Win32
		{6E2E5D43-042F-4747-9911-EB0BD5E11E4F}.Release|Win32.Build.0 = Release|Win32
	EndGlobalSection
	GlobalSection(SolutionProperties) = preSolution
		HideSolutionNode = FALSE
	EndGlobalSection
EndGlobal
